
Microsoft Visual Studio Solution File, Format Version 12.00
# Visual Studio 2013
VisualStudioVersion = 12.0.31101.0
MinimumVisualStudioVersion = 10.0.40219.1
Project("{FAE04EC0-301F-11D3-BF4B-00C04F79EFBC}") = "Lotz.Xam.Messaging.WinPhone.Sample", "Lotz.Xam.Messaging.WinPhone.Sample\Lotz.Xam.Messaging.WinPhone.Sample.csproj", "{A9B5D2A1-DC54-473A-9853-BECADC54426F}"
EndProject
Project("{FAE04EC0-301F-11D3-BF4B-00C04F79EFBC}") = "Lotz.Xam.Messaging.WinPhoneRT.Sample", "Lotz.Xam.Messaging.WinPhoneRT.Sample\Lotz.Xam.Messaging.WinPhoneRT.Sample.csproj", "{38ABD5F2-88E9-4A09-99AC-E50CECA55609}"
EndProject
Project("{FAE04EC0-301F-11D3-BF4B-00C04F79EFBC}") = "Lotz.Xam.Messaging.Android.Sample", "Lotz.Xam.Messaging.Android.Sample\Lotz.Xam.Messaging.Android.Sample.csproj", "{0A98F495-4AD4-4343-B8F1-26C494F596ED}"
EndProject
Project("{FAE04EC0-301F-11D3-BF4B-00C04F79EFBC}") = "Lotz.Xam.Messaging.iOSUnified.Sample", "Lotz.Xam.Messaging.iOSUnified.Sample\Lotz.Xam.Messaging.iOSUnified.Sample.csproj", "{660E6F11-0C0A-4C74-B624-1F61C831DE31}"
EndProject
Project("{FAE04EC0-301F-11D3-BF4B-00C04F79EFBC}") = "Lotz.Xam.Messaging.Sample", "Lotz.Xam.Messaging.Sample\Lotz.Xam.Messaging.Sample.csproj", "{E66E780A-3D9C-45E9-B3C1-325498E8324B}"
EndProject
Global
	GlobalSection(SolutionConfigurationPlatforms) = preSolution
		Ad-Hoc|Any CPU = Ad-Hoc|Any CPU
		Ad-Hoc|ARM = Ad-Hoc|ARM
		Ad-Hoc|iPhone = Ad-Hoc|iPhone
		Ad-Hoc|iPhoneSimulator = Ad-Hoc|iPhoneSimulator
		Ad-Hoc|Mixed Platforms = Ad-Hoc|Mixed Platforms
		Ad-Hoc|x86 = Ad-Hoc|x86
		AppStore|Any CPU = AppStore|Any CPU
		AppStore|ARM = AppStore|ARM
		AppStore|iPhone = AppStore|iPhone
		AppStore|iPhoneSimulator = AppStore|iPhoneSimulator
		AppStore|Mixed Platforms = AppStore|Mixed Platforms
		AppStore|x86 = AppStore|x86
		Debug|Any CPU = Debug|Any CPU
		Debug|ARM = Debug|ARM
		Debug|iPhone = Debug|iPhone
		Debug|iPhoneSimulator = Debug|iPhoneSimulator
		Debug|Mixed Platforms = Debug|Mixed Platforms
		Debug|x86 = Debug|x86
		Release|Any CPU = Release|Any CPU
		Release|ARM = Release|ARM
		Release|iPhone = Release|iPhone
		Release|iPhoneSimulator = Release|iPhoneSimulator
		Release|Mixed Platforms = Release|Mixed Platforms
		Release|x86 = Release|x86
	EndGlobalSection
	GlobalSection(ProjectConfigurationPlatforms) = postSolution
		{A9B5D2A1-DC54-473A-9853-BECADC54426F}.Ad-Hoc|Any CPU.ActiveCfg = Release|Any CPU
		{A9B5D2A1-DC54-473A-9853-BECADC54426F}.Ad-Hoc|Any CPU.Build.0 = Release|Any CPU
		{A9B5D2A1-DC54-473A-9853-BECADC54426F}.Ad-Hoc|Any CPU.Deploy.0 = Release|Any CPU
		{A9B5D2A1-DC54-473A-9853-BECADC54426F}.Ad-Hoc|ARM.ActiveCfg = Release|ARM
		{A9B5D2A1-DC54-473A-9853-BECADC54426F}.Ad-Hoc|ARM.Build.0 = Release|ARM
		{A9B5D2A1-DC54-473A-9853-BECADC54426F}.Ad-Hoc|ARM.Deploy.0 = Release|ARM
		{A9B5D2A1-DC54-473A-9853-BECADC54426F}.Ad-Hoc|iPhone.ActiveCfg = Release|Any CPU
		{A9B5D2A1-DC54-473A-9853-BECADC54426F}.Ad-Hoc|iPhoneSimulator.ActiveCfg = Release|Any CPU
		{A9B5D2A1-DC54-473A-9853-BECADC54426F}.Ad-Hoc|Mixed Platforms.ActiveCfg = Debug|x86
		{A9B5D2A1-DC54-473A-9853-BECADC54426F}.Ad-Hoc|Mixed Platforms.Build.0 = Debug|x86
		{A9B5D2A1-DC54-473A-9853-BECADC54426F}.Ad-Hoc|Mixed Platforms.Deploy.0 = Debug|x86
		{A9B5D2A1-DC54-473A-9853-BECADC54426F}.Ad-Hoc|x86.ActiveCfg = Release|x86
		{A9B5D2A1-DC54-473A-9853-BECADC54426F}.Ad-Hoc|x86.Build.0 = Release|x86
		{A9B5D2A1-DC54-473A-9853-BECADC54426F}.Ad-Hoc|x86.Deploy.0 = Release|x86
		{A9B5D2A1-DC54-473A-9853-BECADC54426F}.AppStore|Any CPU.ActiveCfg = Release|Any CPU
		{A9B5D2A1-DC54-473A-9853-BECADC54426F}.AppStore|Any CPU.Build.0 = Release|Any CPU
		{A9B5D2A1-DC54-473A-9853-BECADC54426F}.AppStore|Any CPU.Deploy.0 = Release|Any CPU
		{A9B5D2A1-DC54-473A-9853-BECADC54426F}.AppStore|ARM.ActiveCfg = Release|ARM
		{A9B5D2A1-DC54-473A-9853-BECADC54426F}.AppStore|ARM.Build.0 = Release|ARM
		{A9B5D2A1-DC54-473A-9853-BECADC54426F}.AppStore|ARM.Deploy.0 = Release|ARM
		{A9B5D2A1-DC54-473A-9853-BECADC54426F}.AppStore|iPhone.ActiveCfg = Release|Any CPU
		{A9B5D2A1-DC54-473A-9853-BECADC54426F}.AppStore|iPhoneSimulator.ActiveCfg = Release|Any CPU
		{A9B5D2A1-DC54-473A-9853-BECADC54426F}.AppStore|Mixed Platforms.ActiveCfg = Debug|x86
		{A9B5D2A1-DC54-473A-9853-BECADC54426F}.AppStore|Mixed Platforms.Build.0 = Debug|x86
		{A9B5D2A1-DC54-473A-9853-BECADC54426F}.AppStore|Mixed Platforms.Deploy.0 = Debug|x86
		{A9B5D2A1-DC54-473A-9853-BECADC54426F}.AppStore|x86.ActiveCfg = Release|x86
		{A9B5D2A1-DC54-473A-9853-BECADC54426F}.AppStore|x86.Build.0 = Release|x86
		{A9B5D2A1-DC54-473A-9853-BECADC54426F}.AppStore|x86.Deploy.0 = Release|x86
		{A9B5D2A1-DC54-473A-9853-BECADC54426F}.Debug|Any CPU.ActiveCfg = Debug|Any CPU
		{A9B5D2A1-DC54-473A-9853-BECADC54426F}.Debug|Any CPU.Build.0 = Debug|Any CPU
		{A9B5D2A1-DC54-473A-9853-BECADC54426F}.Debug|Any CPU.Deploy.0 = Debug|Any CPU
		{A9B5D2A1-DC54-473A-9853-BECADC54426F}.Debug|ARM.ActiveCfg = Debug|ARM
		{A9B5D2A1-DC54-473A-9853-BECADC54426F}.Debug|ARM.Build.0 = Debug|ARM
		{A9B5D2A1-DC54-473A-9853-BECADC54426F}.Debug|ARM.Deploy.0 = Debug|ARM
		{A9B5D2A1-DC54-473A-9853-BECADC54426F}.Debug|iPhone.ActiveCfg = Debug|Any CPU
		{A9B5D2A1-DC54-473A-9853-BECADC54426F}.Debug|iPhone.Build.0 = Debug|Any CPU
		{A9B5D2A1-DC54-473A-9853-BECADC54426F}.Debug|iPhoneSimulator.ActiveCfg = Debug|Any CPU
		{A9B5D2A1-DC54-473A-9853-BECADC54426F}.Debug|iPhoneSimulator.Build.0 = Debug|Any CPU
		{A9B5D2A1-DC54-473A-9853-BECADC54426F}.Debug|Mixed Platforms.ActiveCfg = Debug|x86
		{A9B5D2A1-DC54-473A-9853-BECADC54426F}.Debug|Mixed Platforms.Build.0 = Debug|x86
		{A9B5D2A1-DC54-473A-9853-BECADC54426F}.Debug|Mixed Platforms.Deploy.0 = Debug|x86
		{A9B5D2A1-DC54-473A-9853-BECADC54426F}.Debug|x86.ActiveCfg = Debug|x86
		{A9B5D2A1-DC54-473A-9853-BECADC54426F}.Debug|x86.Build.0 = Debug|x86
		{A9B5D2A1-DC54-473A-9853-BECADC54426F}.Debug|x86.Deploy.0 = Debug|x86
		{A9B5D2A1-DC54-473A-9853-BECADC54426F}.Release|Any CPU.ActiveCfg = Release|Any CPU
		{A9B5D2A1-DC54-473A-9853-BECADC54426F}.Release|Any CPU.Build.0 = Release|Any CPU
		{A9B5D2A1-DC54-473A-9853-BECADC54426F}.Release|Any CPU.Deploy.0 = Release|Any CPU
		{A9B5D2A1-DC54-473A-9853-BECADC54426F}.Release|ARM.ActiveCfg = Release|ARM
		{A9B5D2A1-DC54-473A-9853-BECADC54426F}.Release|ARM.Build.0 = Release|ARM
		{A9B5D2A1-DC54-473A-9853-BECADC54426F}.Release|ARM.Deploy.0 = Release|ARM
		{A9B5D2A1-DC54-473A-9853-BECADC54426F}.Release|iPhone.ActiveCfg = Release|Any CPU
		{A9B5D2A1-DC54-473A-9853-BECADC54426F}.Release|iPhoneSimulator.ActiveCfg = Release|Any CPU
		{A9B5D2A1-DC54-473A-9853-BECADC54426F}.Release|Mixed Platforms.ActiveCfg = Release|x86
		{A9B5D2A1-DC54-473A-9853-BECADC54426F}.Release|Mixed Platforms.Build.0 = Release|x86
		{A9B5D2A1-DC54-473A-9853-BECADC54426F}.Release|Mixed Platforms.Deploy.0 = Release|x86
		{A9B5D2A1-DC54-473A-9853-BECADC54426F}.Release|x86.ActiveCfg = Release|x86
		{A9B5D2A1-DC54-473A-9853-BECADC54426F}.Release|x86.Build.0 = Release|x86
		{A9B5D2A1-DC54-473A-9853-BECADC54426F}.Release|x86.Deploy.0 = Release|x86
		{38ABD5F2-88E9-4A09-99AC-E50CECA55609}.Ad-Hoc|Any CPU.ActiveCfg = Release|Any CPU
		{38ABD5F2-88E9-4A09-99AC-E50CECA55609}.Ad-Hoc|Any CPU.Build.0 = Release|Any CPU
		{38ABD5F2-88E9-4A09-99AC-E50CECA55609}.Ad-Hoc|Any CPU.Deploy.0 = Release|Any CPU
		{38ABD5F2-88E9-4A09-99AC-E50CECA55609}.Ad-Hoc|ARM.ActiveCfg = Release|ARM
		{38ABD5F2-88E9-4A09-99AC-E50CECA55609}.Ad-Hoc|ARM.Build.0 = Release|ARM
		{38ABD5F2-88E9-4A09-99AC-E50CECA55609}.Ad-Hoc|ARM.Deploy.0 = Release|ARM
		{38ABD5F2-88E9-4A09-99AC-E50CECA55609}.Ad-Hoc|iPhone.ActiveCfg = Release|Any CPU
		{38ABD5F2-88E9-4A09-99AC-E50CECA55609}.Ad-Hoc|iPhoneSimulator.ActiveCfg = Release|Any CPU
		{38ABD5F2-88E9-4A09-99AC-E50CECA55609}.Ad-Hoc|Mixed Platforms.ActiveCfg = Debug|x86
		{38ABD5F2-88E9-4A09-99AC-E50CECA55609}.Ad-Hoc|Mixed Platforms.Build.0 = Debug|x86
		{38ABD5F2-88E9-4A09-99AC-E50CECA55609}.Ad-Hoc|Mixed Platforms.Deploy.0 = Debug|x86
		{38ABD5F2-88E9-4A09-99AC-E50CECA55609}.Ad-Hoc|x86.ActiveCfg = Release|x86
		{38ABD5F2-88E9-4A09-99AC-E50CECA55609}.Ad-Hoc|x86.Build.0 = Release|x86
		{38ABD5F2-88E9-4A09-99AC-E50CECA55609}.Ad-Hoc|x86.Deploy.0 = Release|x86
		{38ABD5F2-88E9-4A09-99AC-E50CECA55609}.AppStore|Any CPU.ActiveCfg = Release|Any CPU
		{38ABD5F2-88E9-4A09-99AC-E50CECA55609}.AppStore|Any CPU.Build.0 = Release|Any CPU
		{38ABD5F2-88E9-4A09-99AC-E50CECA55609}.AppStore|Any CPU.Deploy.0 = Release|Any CPU
		{38ABD5F2-88E9-4A09-99AC-E50CECA55609}.AppStore|ARM.ActiveCfg = Release|ARM
		{38ABD5F2-88E9-4A09-99AC-E50CECA55609}.AppStore|ARM.Build.0 = Release|ARM
		{38ABD5F2-88E9-4A09-99AC-E50CECA55609}.AppStore|ARM.Deploy.0 = Release|ARM
		{38ABD5F2-88E9-4A09-99AC-E50CECA55609}.AppStore|iPhone.ActiveCfg = Release|Any CPU
		{38ABD5F2-88E9-4A09-99AC-E50CECA55609}.AppStore|iPhoneSimulator.ActiveCfg = Release|Any CPU
		{38ABD5F2-88E9-4A09-99AC-E50CECA55609}.AppStore|Mixed Platforms.ActiveCfg = Debug|x86
		{38ABD5F2-88E9-4A09-99AC-E50CECA55609}.AppStore|Mixed Platforms.Build.0 = Debug|x86
		{38ABD5F2-88E9-4A09-99AC-E50CECA55609}.AppStore|Mixed Platforms.Deploy.0 = Debug|x86
		{38ABD5F2-88E9-4A09-99AC-E50CECA55609}.AppStore|x86.ActiveCfg = Release|x86
		{38ABD5F2-88E9-4A09-99AC-E50CECA55609}.AppStore|x86.Build.0 = Release|x86
		{38ABD5F2-88E9-4A09-99AC-E50CECA55609}.AppStore|x86.Deploy.0 = Release|x86
		{38ABD5F2-88E9-4A09-99AC-E50CECA55609}.Debug|Any CPU.ActiveCfg = Debug|Any CPU
		{38ABD5F2-88E9-4A09-99AC-E50CECA55609}.Debug|Any CPU.Build.0 = Debug|Any CPU
		{38ABD5F2-88E9-4A09-99AC-E50CECA55609}.Debug|Any CPU.Deploy.0 = Debug|Any CPU
		{38ABD5F2-88E9-4A09-99AC-E50CECA55609}.Debug|ARM.ActiveCfg = Debug|ARM
		{38ABD5F2-88E9-4A09-99AC-E50CECA55609}.Debug|ARM.Build.0 = Debug|ARM
		{38ABD5F2-88E9-4A09-99AC-E50CECA55609}.Debug|ARM.Deploy.0 = Debug|ARM
		{38ABD5F2-88E9-4A09-99AC-E50CECA55609}.Debug|iPhone.ActiveCfg = Debug|Any CPU
		{38ABD5F2-88E9-4A09-99AC-E50CECA55609}.Debug|iPhone.Build.0 = Debug|Any CPU
		{38ABD5F2-88E9-4A09-99AC-E50CECA55609}.Debug|iPhoneSimulator.ActiveCfg = Debug|Any CPU
		{38ABD5F2-88E9-4A09-99AC-E50CECA55609}.Debug|iPhoneSimulator.Build.0 = Debug|Any CPU
		{38ABD5F2-88E9-4A09-99AC-E50CECA55609}.Debug|Mixed Platforms.ActiveCfg = Debug|x86
		{38ABD5F2-88E9-4A09-99AC-E50CECA55609}.Debug|Mixed Platforms.Build.0 = Debug|x86
		{38ABD5F2-88E9-4A09-99AC-E50CECA55609}.Debug|Mixed Platforms.Deploy.0 = Debug|x86
		{38ABD5F2-88E9-4A09-99AC-E50CECA55609}.Debug|x86.ActiveCfg = Debug|x86
		{38ABD5F2-88E9-4A09-99AC-E50CECA55609}.Debug|x86.Build.0 = Debug|x86
		{38ABD5F2-88E9-4A09-99AC-E50CECA55609}.Debug|x86.Deploy.0 = Debug|x86
		{38ABD5F2-88E9-4A09-99AC-E50CECA55609}.Release|Any CPU.ActiveCfg = Release|Any CPU
		{38ABD5F2-88E9-4A09-99AC-E50CECA55609}.Release|Any CPU.Build.0 = Release|Any CPU
		{38ABD5F2-88E9-4A09-99AC-E50CECA55609}.Release|Any CPU.Deploy.0 = Release|Any CPU
		{38ABD5F2-88E9-4A09-99AC-E50CECA55609}.Release|ARM.ActiveCfg = Release|ARM
		{38ABD5F2-88E9-4A09-99AC-E50CECA55609}.Release|ARM.Build.0 = Release|ARM
		{38ABD5F2-88E9-4A09-99AC-E50CECA55609}.Release|ARM.Deploy.0 = Release|ARM
		{38ABD5F2-88E9-4A09-99AC-E50CECA55609}.Release|iPhone.ActiveCfg = Release|Any CPU
		{38ABD5F2-88E9-4A09-99AC-E50CECA55609}.Release|iPhoneSimulator.ActiveCfg = Release|Any CPU
		{38ABD5F2-88E9-4A09-99AC-E50CECA55609}.Release|Mixed Platforms.ActiveCfg = Release|x86
		{38ABD5F2-88E9-4A09-99AC-E50CECA55609}.Release|Mixed Platforms.Build.0 = Release|x86
		{38ABD5F2-88E9-4A09-99AC-E50CECA55609}.Release|Mixed Platforms.Deploy.0 = Release|x86
		{38ABD5F2-88E9-4A09-99AC-E50CECA55609}.Release|x86.ActiveCfg = Release|x86
		{38ABD5F2-88E9-4A09-99AC-E50CECA55609}.Release|x86.Build.0 = Release|x86
		{38ABD5F2-88E9-4A09-99AC-E50CECA55609}.Release|x86.Deploy.0 = Release|x86
		{0A98F495-4AD4-4343-B8F1-26C494F596ED}.Ad-Hoc|Any CPU.ActiveCfg = Release|Any CPU
		{0A98F495-4AD4-4343-B8F1-26C494F596ED}.Ad-Hoc|Any CPU.Build.0 = Release|Any CPU
		{0A98F495-4AD4-4343-B8F1-26C494F596ED}.Ad-Hoc|Any CPU.Deploy.0 = Release|Any CPU
		{0A98F495-4AD4-4343-B8F1-26C494F596ED}.Ad-Hoc|ARM.ActiveCfg = Release|Any CPU
		{0A98F495-4AD4-4343-B8F1-26C494F596ED}.Ad-Hoc|iPhone.ActiveCfg = Release|Any CPU
		{0A98F495-4AD4-4343-B8F1-26C494F596ED}.Ad-Hoc|iPhoneSimulator.ActiveCfg = Release|Any CPU
		{0A98F495-4AD4-4343-B8F1-26C494F596ED}.Ad-Hoc|Mixed Platforms.ActiveCfg = Debug|Any CPU
		{0A98F495-4AD4-4343-B8F1-26C494F596ED}.Ad-Hoc|Mixed Platforms.Build.0 = Debug|Any CPU
		{0A98F495-4AD4-4343-B8F1-26C494F596ED}.Ad-Hoc|Mixed Platforms.Deploy.0 = Debug|Any CPU
		{0A98F495-4AD4-4343-B8F1-26C494F596ED}.Ad-Hoc|x86.ActiveCfg = Release|Any CPU
		{0A98F495-4AD4-4343-B8F1-26C494F596ED}.AppStore|Any CPU.ActiveCfg = Release|Any CPU
		{0A98F495-4AD4-4343-B8F1-26C494F596ED}.AppStore|Any CPU.Build.0 = Release|Any CPU
		{0A98F495-4AD4-4343-B8F1-26C494F596ED}.AppStore|Any CPU.Deploy.0 = Release|Any CPU
		{0A98F495-4AD4-4343-B8F1-26C494F596ED}.AppStore|ARM.ActiveCfg = Release|Any CPU
		{0A98F495-4AD4-4343-B8F1-26C494F596ED}.AppStore|iPhone.ActiveCfg = Release|Any CPU
		{0A98F495-4AD4-4343-B8F1-26C494F596ED}.AppStore|iPhoneSimulator.ActiveCfg = Release|Any CPU
		{0A98F495-4AD4-4343-B8F1-26C494F596ED}.AppStore|Mixed Platforms.ActiveCfg = Debug|Any CPU
		{0A98F495-4AD4-4343-B8F1-26C494F596ED}.AppStore|Mixed Platforms.Build.0 = Debug|Any CPU
		{0A98F495-4AD4-4343-B8F1-26C494F596ED}.AppStore|Mixed Platforms.Deploy.0 = Debug|Any CPU
		{0A98F495-4AD4-4343-B8F1-26C494F596ED}.AppStore|x86.ActiveCfg = Release|Any CPU
		{0A98F495-4AD4-4343-B8F1-26C494F596ED}.Debug|Any CPU.ActiveCfg = Debug|Any CPU
		{0A98F495-4AD4-4343-B8F1-26C494F596ED}.Debug|Any CPU.Build.0 = Debug|Any CPU
		{0A98F495-4AD4-4343-B8F1-26C494F596ED}.Debug|Any CPU.Deploy.0 = Debug|Any CPU
		{0A98F495-4AD4-4343-B8F1-26C494F596ED}.Debug|ARM.ActiveCfg = Debug|Any CPU
		{0A98F495-4AD4-4343-B8F1-26C494F596ED}.Debug|ARM.Build.0 = Debug|Any CPU
		{0A98F495-4AD4-4343-B8F1-26C494F596ED}.Debug|iPhone.ActiveCfg = Debug|Any CPU
		{0A98F495-4AD4-4343-B8F1-26C494F596ED}.Debug|iPhone.Build.0 = Debug|Any CPU
		{0A98F495-4AD4-4343-B8F1-26C494F596ED}.Debug|iPhoneSimulator.ActiveCfg = Debug|Any CPU
		{0A98F495-4AD4-4343-B8F1-26C494F596ED}.Debug|iPhoneSimulator.Build.0 = Debug|Any CPU
		{0A98F495-4AD4-4343-B8F1-26C494F596ED}.Debug|Mixed Platforms.ActiveCfg = Debug|Any CPU
		{0A98F495-4AD4-4343-B8F1-26C494F596ED}.Debug|Mixed Platforms.Build.0 = Debug|Any CPU
		{0A98F495-4AD4-4343-B8F1-26C494F596ED}.Debug|Mixed Platforms.Deploy.0 = Debug|Any CPU
		{0A98F495-4AD4-4343-B8F1-26C494F596ED}.Debug|x86.ActiveCfg = Debug|Any CPU
		{0A98F495-4AD4-4343-B8F1-26C494F596ED}.Debug|x86.Build.0 = Debug|Any CPU
		{0A98F495-4AD4-4343-B8F1-26C494F596ED}.Release|Any CPU.ActiveCfg = Release|Any CPU
		{0A98F495-4AD4-4343-B8F1-26C494F596ED}.Release|Any CPU.Build.0 = Release|Any CPU
		{0A98F495-4AD4-4343-B8F1-26C494F596ED}.Release|Any CPU.Deploy.0 = Release|Any CPU
		{0A98F495-4AD4-4343-B8F1-26C494F596ED}.Release|ARM.ActiveCfg = Release|Any CPU
		{0A98F495-4AD4-4343-B8F1-26C494F596ED}.Release|iPhone.ActiveCfg = Release|Any CPU
		{0A98F495-4AD4-4343-B8F1-26C494F596ED}.Release|iPhoneSimulator.ActiveCfg = Release|Any CPU
		{0A98F495-4AD4-4343-B8F1-26C494F596ED}.Release|Mixed Platforms.ActiveCfg = Release|Any CPU
		{0A98F495-4AD4-4343-B8F1-26C494F596ED}.Release|Mixed Platforms.Build.0 = Release|Any CPU
		{0A98F495-4AD4-4343-B8F1-26C494F596ED}.Release|Mixed Platforms.Deploy.0 = Release|Any CPU
		{0A98F495-4AD4-4343-B8F1-26C494F596ED}.Release|x86.ActiveCfg = Release|Any CPU
		{660E6F11-0C0A-4C74-B624-1F61C831DE31}.Ad-Hoc|Any CPU.ActiveCfg = Ad-Hoc|iPhone
		{660E6F11-0C0A-4C74-B624-1F61C831DE31}.Ad-Hoc|ARM.ActiveCfg = Ad-Hoc|iPhone
		{660E6F11-0C0A-4C74-B624-1F61C831DE31}.Ad-Hoc|iPhone.ActiveCfg = Ad-Hoc|iPhone
		{660E6F11-0C0A-4C74-B624-1F61C831DE31}.Ad-Hoc|iPhone.Build.0 = Ad-Hoc|iPhone
		{660E6F11-0C0A-4C74-B624-1F61C831DE31}.Ad-Hoc|iPhoneSimulator.ActiveCfg = Ad-Hoc|iPhoneSimulator
		{660E6F11-0C0A-4C74-B624-1F61C831DE31}.Ad-Hoc|iPhoneSimulator.Build.0 = Ad-Hoc|iPhoneSimulator
		{660E6F11-0C0A-4C74-B624-1F61C831DE31}.Ad-Hoc|Mixed Platforms.ActiveCfg = Ad-Hoc|iPhoneSimulator
		{660E6F11-0C0A-4C74-B624-1F61C831DE31}.Ad-Hoc|Mixed Platforms.Build.0 = Ad-Hoc|iPhoneSimulator
		{660E6F11-0C0A-4C74-B624-1F61C831DE31}.Ad-Hoc|x86.ActiveCfg = Ad-Hoc|iPhone
		{660E6F11-0C0A-4C74-B624-1F61C831DE31}.AppStore|Any CPU.ActiveCfg = AppStore|iPhone
		{660E6F11-0C0A-4C74-B624-1F61C831DE31}.AppStore|ARM.ActiveCfg = AppStore|iPhone
		{660E6F11-0C0A-4C74-B624-1F61C831DE31}.AppStore|iPhone.ActiveCfg = AppStore|iPhone
		{660E6F11-0C0A-4C74-B624-1F61C831DE31}.AppStore|iPhone.Build.0 = AppStore|iPhone
		{660E6F11-0C0A-4C74-B624-1F61C831DE31}.AppStore|iPhoneSimulator.ActiveCfg = AppStore|iPhoneSimulator
		{660E6F11-0C0A-4C74-B624-1F61C831DE31}.AppStore|iPhoneSimulator.Build.0 = AppStore|iPhoneSimulator
		{660E6F11-0C0A-4C74-B624-1F61C831DE31}.AppStore|Mixed Platforms.ActiveCfg = AppStore|iPhoneSimulator
		{660E6F11-0C0A-4C74-B624-1F61C831DE31}.AppStore|Mixed Platforms.Build.0 = AppStore|iPhoneSimulator
		{660E6F11-0C0A-4C74-B624-1F61C831DE31}.AppStore|x86.ActiveCfg = AppStore|iPhone
		{660E6F11-0C0A-4C74-B624-1F61C831DE31}.Debug|Any CPU.ActiveCfg = Debug|iPhone
		{660E6F11-0C0A-4C74-B624-1F61C831DE31}.Debug|ARM.ActiveCfg = Debug|iPhone
		{660E6F11-0C0A-4C74-B624-1F61C831DE31}.Debug|iPhone.ActiveCfg = Debug|iPhone
		{660E6F11-0C0A-4C74-B624-1F61C831DE31}.Debug|iPhone.Build.0 = Debug|iPhone
		{660E6F11-0C0A-4C74-B624-1F61C831DE31}.Debug|iPhoneSimulator.ActiveCfg = Debug|iPhoneSimulator
		{660E6F11-0C0A-4C74-B624-1F61C831DE31}.Debug|iPhoneSimulator.Build.0 = Debug|iPhoneSimulator
		{660E6F11-0C0A-4C74-B624-1F61C831DE31}.Debug|Mixed Platforms.ActiveCfg = Debug|iPhoneSimulator
		{660E6F11-0C0A-4C74-B624-1F61C831DE31}.Debug|Mixed Platforms.Build.0 = Debug|iPhoneSimulator
		{660E6F11-0C0A-4C74-B624-1F61C831DE31}.Debug|x86.ActiveCfg = Debug|iPhone
		{660E6F11-0C0A-4C74-B624-1F61C831DE31}.Release|Any CPU.ActiveCfg = Release|iPhone
		{660E6F11-0C0A-4C74-B624-1F61C831DE31}.Release|ARM.ActiveCfg = Release|iPhone
		{660E6F11-0C0A-4C74-B624-1F61C831DE31}.Release|iPhone.ActiveCfg = Release|iPhone
		{660E6F11-0C0A-4C74-B624-1F61C831DE31}.Release|iPhone.Build.0 = Release|iPhone
		{660E6F11-0C0A-4C74-B624-1F61C831DE31}.Release|iPhoneSimulator.ActiveCfg = Release|iPhoneSimulator
		{660E6F11-0C0A-4C74-B624-1F61C831DE31}.Release|iPhoneSimulator.Build.0 = Release|iPhoneSimulator
		{660E6F11-0C0A-4C74-B624-1F61C831DE31}.Release|Mixed Platforms.ActiveCfg = Release|iPhoneSimulator
		{660E6F11-0C0A-4C74-B624-1F61C831DE31}.Release|Mixed Platforms.Build.0 = Release|iPhoneSimulator
		{660E6F11-0C0A-4C74-B624-1F61C831DE31}.Release|x86.ActiveCfg = Release|iPhone
		{E66E780A-3D9C-45E9-B3C1-325498E8324B}.Ad-Hoc|Any CPU.ActiveCfg = Release|Any CPU
		{E66E780A-3D9C-45E9-B3C1-325498E8324B}.Ad-Hoc|Any CPU.Build.0 = Release|Any CPU
		{E66E780A-3D9C-45E9-B3C1-325498E8324B}.Ad-Hoc|ARM.ActiveCfg = Release|Any CPU
		{E66E780A-3D9C-45E9-B3C1-325498E8324B}.Ad-Hoc|iPhone.ActiveCfg = Release|Any CPU
		{E66E780A-3D9C-45E9-B3C1-325498E8324B}.Ad-Hoc|iPhoneSimulator.ActiveCfg = Release|Any CPU
		{E66E780A-3D9C-45E9-B3C1-325498E8324B}.Ad-Hoc|Mixed Platforms.ActiveCfg = Release|Any CPU
		{E66E780A-3D9C-45E9-B3C1-325498E8324B}.Ad-Hoc|Mixed Platforms.Build.0 = Release|Any CPU
		{E66E780A-3D9C-45E9-B3C1-325498E8324B}.Ad-Hoc|x86.ActiveCfg = Release|Any CPU
		{E66E780A-3D9C-45E9-B3C1-325498E8324B}.AppStore|Any CPU.ActiveCfg = Release|Any CPU
		{E66E780A-3D9C-45E9-B3C1-325498E8324B}.AppStore|Any CPU.Build.0 = Release|Any CPU
		{E66E780A-3D9C-45E9-B3C1-325498E8324B}.AppStore|ARM.ActiveCfg = Release|Any CPU
		{E66E780A-3D9C-45E9-B3C1-325498E8324B}.AppStore|iPhone.ActiveCfg = Release|Any CPU
		{E66E780A-3D9C-45E9-B3C1-325498E8324B}.AppStore|iPhoneSimulator.ActiveCfg = Release|Any CPU
		{E66E780A-3D9C-45E9-B3C1-325498E8324B}.AppStore|Mixed Platforms.ActiveCfg = Release|Any CPU
		{E66E780A-3D9C-45E9-B3C1-325498E8324B}.AppStore|Mixed Platforms.Build.0 = Release|Any CPU
		{E66E780A-3D9C-45E9-B3C1-325498E8324B}.AppStore|x86.ActiveCfg = Release|Any CPU
		{E66E780A-3D9C-45E9-B3C1-325498E8324B}.Debug|Any CPU.ActiveCfg = Debug|Any CPU
		{E66E780A-3D9C-45E9-B3C1-325498E8324B}.Debug|Any CPU.Build.0 = Debug|Any CPU
		{E66E780A-3D9C-45E9-B3C1-325498E8324B}.Debug|ARM.ActiveCfg = Debug|Any CPU
		{E66E780A-3D9C-45E9-B3C1-325498E8324B}.Debug|ARM.Build.0 = Debug|Any CPU
		{E66E780A-3D9C-45E9-B3C1-325498E8324B}.Debug|iPhone.ActiveCfg = Debug|Any CPU
		{E66E780A-3D9C-45E9-B3C1-325498E8324B}.Debug|iPhone.Build.0 = Debug|Any CPU
		{E66E780A-3D9C-45E9-B3C1-325498E8324B}.Debug|iPhoneSimulator.ActiveCfg = Debug|Any CPU
		{E66E780A-3D9C-45E9-B3C1-325498E8324B}.Debug|iPhoneSimulator.Build.0 = Debug|Any CPU
		{E66E780A-3D9C-45E9-B3C1-325498E8324B}.Debug|Mixed Platforms.ActiveCfg = Debug|Any CPU
		{E66E780A-3D9C-45E9-B3C1-325498E8324B}.Debug|Mixed Platforms.Build.0 = Debug|Any CPU
		{E66E780A-3D9C-45E9-B3C1-325498E8324B}.Debug|x86.ActiveCfg = Debug|Any CPU
		{E66E780A-3D9C-45E9-B3C1-325498E8324B}.Debug|x86.Build.0 = Debug|Any CPU
		{E66E780A-3D9C-45E9-B3C1-325498E8324B}.Release|Any CPU.ActiveCfg = Release|Any CPU
		{E66E780A-3D9C-45E9-B3C1-325498E8324B}.Release|Any CPU.Build.0 = Release|Any CPU
		{E66E780A-3D9C-45E9-B3C1-325498E8324B}.Release|ARM.ActiveCfg = Release|Any CPU
		{E66E780A-3D9C-45E9-B3C1-325498E8324B}.Release|iPhone.ActiveCfg = Release|Any CPU
		{E66E780A-3D9C-45E9-B3C1-325498E8324B}.Release|iPhoneSimulator.ActiveCfg = Release|Any CPU
		{E66E780A-3D9C-45E9-B3C1-325498E8324B}.Release|Mixed Platforms.ActiveCfg = Release|Any CPU
		{E66E780A-3D9C-45E9-B3C1-325498E8324B}.Release|Mixed Platforms.Build.0 = Release|Any CPU
		{E66E780A-3D9C-45E9-B3C1-325498E8324B}.Release|x86.ActiveCfg = Release|Any CPU
	EndGlobalSection
	GlobalSection(SolutionProperties) = preSolution
		HideSolutionNode = FALSE
	EndGlobalSection
EndGlobal
