
Microsoft Visual Studio Solution File, Format Version 12.00
# Visual Studio 14
VisualStudioVersion = 14.0.25420.1
MinimumVisualStudioVersion = 10.0.40219.1
Project("{FAE04EC0-301F-11D3-BF4B-00C04F79EFBC}") = "Plugin.Messaging.Android.Sample", "Plugin.Messaging.Android.Sample\Plugin.Messaging.Android.Sample.csproj", "{0A98F495-4AD4-4343-B8F1-26C494F596ED}"
EndProject
Project("{FAE04EC0-301F-11D3-BF4B-00C04F79EFBC}") = "Plugin.Messaging.iOSUnified.Sample", "Plugin.Messaging.iOSUnified.Sample\Plugin.Messaging.iOSUnified.Sample.csproj", "{660E6F11-0C0A-4C74-B624-1F61C831DE31}"
EndProject
Project("{FAE04EC0-301F-11D3-BF4B-00C04F79EFBC}") = "Plugin.Messaging.Sample", "Plugin.Messaging.Sample\Plugin.Messaging.Sample.csproj", "{E66E780A-3D9C-45E9-B3C1-325498E8324B}"
EndProject
Project("{FAE04EC0-301F-11D3-BF4B-00C04F79EFBC}") = "Plugin.Messaging.UWP.Sample", "Plugin.Messaging.UWP.Sample\Plugin.Messaging.UWP.Sample.csproj", "{26D8BF98-7A16-430C-96D6-F2366083F5AD}"
EndProject
Project("{D954291E-2A0B-460D-934E-DC6B0785DB48}") = "Plugin.Messaging.Shared", "Plugin.Messaging.Shared\Plugin.Messaging.Shared.shproj", "{ACA97C41-09FC-409D-848E-DD3ACDC7A57B}"
EndProject
Global
	GlobalSection(SharedMSBuildProjectFiles) = preSolution
		Plugin.Messaging.Shared\Plugin.Messaging.Shared.projitems*{aca97c41-09fc-409d-848e-dd3acdc7a57b}*SharedItemsImports = 13
	EndGlobalSection
	GlobalSection(SolutionConfigurationPlatforms) = preSolution
		Debug|Any CPU = Debug|Any CPU
		Debug|ARM = Debug|ARM
		Debug|iPhone = Debug|iPhone
		Debug|iPhoneSimulator = Debug|iPhoneSimulator
		Debug|x64 = Debug|x64
		Debug|x86 = Debug|x86
		Release|Any CPU = Release|Any CPU
		Release|ARM = Release|ARM
		Release|iPhone = Release|iPhone
		Release|iPhoneSimulator = Release|iPhoneSimulator
		Release|x64 = Release|x64
		Release|x86 = Release|x86
	EndGlobalSection
	GlobalSection(ProjectConfigurationPlatforms) = postSolution
		{0A98F495-4AD4-4343-B8F1-26C494F596ED}.Debug|Any CPU.ActiveCfg = Debug|Any CPU
		{0A98F495-4AD4-4343-B8F1-26C494F596ED}.Debug|Any CPU.Build.0 = Debug|Any CPU
		{0A98F495-4AD4-4343-B8F1-26C494F596ED}.Debug|Any CPU.Deploy.0 = Debug|Any CPU
		{0A98F495-4AD4-4343-B8F1-26C494F596ED}.Debug|ARM.ActiveCfg = Debug|Any CPU
		{0A98F495-4AD4-4343-B8F1-26C494F596ED}.Debug|ARM.Build.0 = Debug|Any CPU
		{0A98F495-4AD4-4343-B8F1-26C494F596ED}.Debug|ARM.Deploy.0 = Debug|Any CPU
		{0A98F495-4AD4-4343-B8F1-26C494F596ED}.Debug|iPhone.ActiveCfg = Debug|Any CPU
		{0A98F495-4AD4-4343-B8F1-26C494F596ED}.Debug|iPhone.Build.0 = Debug|Any CPU
		{0A98F495-4AD4-4343-B8F1-26C494F596ED}.Debug|iPhone.Deploy.0 = Debug|Any CPU
		{0A98F495-4AD4-4343-B8F1-26C494F596ED}.Debug|iPhoneSimulator.ActiveCfg = Debug|Any CPU
		{0A98F495-4AD4-4343-B8F1-26C494F596ED}.Debug|iPhoneSimulator.Build.0 = Debug|Any CPU
		{0A98F495-4AD4-4343-B8F1-26C494F596ED}.Debug|iPhoneSimulator.Deploy.0 = Debug|Any CPU
		{0A98F495-4AD4-4343-B8F1-26C494F596ED}.Debug|x64.ActiveCfg = Debug|Any CPU
		{0A98F495-4AD4-4343-B8F1-26C494F596ED}.Debug|x64.Build.0 = Debug|Any CPU
		{0A98F495-4AD4-4343-B8F1-26C494F596ED}.Debug|x64.Deploy.0 = Debug|Any CPU
		{0A98F495-4AD4-4343-B8F1-26C494F596ED}.Debug|x86.ActiveCfg = Debug|Any CPU
		{0A98F495-4AD4-4343-B8F1-26C494F596ED}.Debug|x86.Build.0 = Debug|Any CPU
		{0A98F495-4AD4-4343-B8F1-26C494F596ED}.Debug|x86.Deploy.0 = Debug|Any CPU
		{0A98F495-4AD4-4343-B8F1-26C494F596ED}.Release|Any CPU.ActiveCfg = Release|Any CPU
		{0A98F495-4AD4-4343-B8F1-26C494F596ED}.Release|Any CPU.Build.0 = Release|Any CPU
		{0A98F495-4AD4-4343-B8F1-26C494F596ED}.Release|Any CPU.Deploy.0 = Release|Any CPU
		{0A98F495-4AD4-4343-B8F1-26C494F596ED}.Release|ARM.ActiveCfg = Release|Any CPU
		{0A98F495-4AD4-4343-B8F1-26C494F596ED}.Release|ARM.Build.0 = Release|Any CPU
		{0A98F495-4AD4-4343-B8F1-26C494F596ED}.Release|ARM.Deploy.0 = Release|Any CPU
		{0A98F495-4AD4-4343-B8F1-26C494F596ED}.Release|iPhone.ActiveCfg = Release|Any CPU
		{0A98F495-4AD4-4343-B8F1-26C494F596ED}.Release|iPhone.Build.0 = Release|Any CPU
		{0A98F495-4AD4-4343-B8F1-26C494F596ED}.Release|iPhone.Deploy.0 = Release|Any CPU
		{0A98F495-4AD4-4343-B8F1-26C494F596ED}.Release|iPhoneSimulator.ActiveCfg = Release|Any CPU
		{0A98F495-4AD4-4343-B8F1-26C494F596ED}.Release|iPhoneSimulator.Build.0 = Release|Any CPU
		{0A98F495-4AD4-4343-B8F1-26C494F596ED}.Release|iPhoneSimulator.Deploy.0 = Release|Any CPU
		{0A98F495-4AD4-4343-B8F1-26C494F596ED}.Release|x64.ActiveCfg = Release|Any CPU
		{0A98F495-4AD4-4343-B8F1-26C494F596ED}.Release|x64.Build.0 = Release|Any CPU
		{0A98F495-4AD4-4343-B8F1-26C494F596ED}.Release|x64.Deploy.0 = Release|Any CPU
		{0A98F495-4AD4-4343-B8F1-26C494F596ED}.Release|x86.ActiveCfg = Release|Any CPU
		{0A98F495-4AD4-4343-B8F1-26C494F596ED}.Release|x86.Build.0 = Release|Any CPU
		{0A98F495-4AD4-4343-B8F1-26C494F596ED}.Release|x86.Deploy.0 = Release|Any CPU
		{660E6F11-0C0A-4C74-B624-1F61C831DE31}.Debug|Any CPU.ActiveCfg = Debug|iPhoneSimulator
		{660E6F11-0C0A-4C74-B624-1F61C831DE31}.Debug|Any CPU.Build.0 = Debug|iPhoneSimulator
		{660E6F11-0C0A-4C74-B624-1F61C831DE31}.Debug|ARM.ActiveCfg = Debug|iPhoneSimulator
		{660E6F11-0C0A-4C74-B624-1F61C831DE31}.Debug|iPhone.ActiveCfg = Debug|iPhone
		{660E6F11-0C0A-4C74-B624-1F61C831DE31}.Debug|iPhone.Build.0 = Debug|iPhone
		{660E6F11-0C0A-4C74-B624-1F61C831DE31}.Debug|iPhoneSimulator.ActiveCfg = Debug|iPhoneSimulator
		{660E6F11-0C0A-4C74-B624-1F61C831DE31}.Debug|iPhoneSimulator.Build.0 = Debug|iPhoneSimulator
		{660E6F11-0C0A-4C74-B624-1F61C831DE31}.Debug|x64.ActiveCfg = Debug|iPhoneSimulator
		{660E6F11-0C0A-4C74-B624-1F61C831DE31}.Debug|x86.ActiveCfg = Debug|iPhoneSimulator
		{660E6F11-0C0A-4C74-B624-1F61C831DE31}.Release|Any CPU.ActiveCfg = Release|iPhone
		{660E6F11-0C0A-4C74-B624-1F61C831DE31}.Release|Any CPU.Build.0 = Release|iPhone
		{660E6F11-0C0A-4C74-B624-1F61C831DE31}.Release|ARM.ActiveCfg = Release|iPhoneSimulator
		{660E6F11-0C0A-4C74-B624-1F61C831DE31}.Release|iPhone.ActiveCfg = Release|iPhone
		{660E6F11-0C0A-4C74-B624-1F61C831DE31}.Release|iPhone.Build.0 = Release|iPhone
		{660E6F11-0C0A-4C74-B624-1F61C831DE31}.Release|iPhoneSimulator.ActiveCfg = Release|iPhoneSimulator
		{660E6F11-0C0A-4C74-B624-1F61C831DE31}.Release|iPhoneSimulator.Build.0 = Release|iPhoneSimulator
		{660E6F11-0C0A-4C74-B624-1F61C831DE31}.Release|x64.ActiveCfg = Release|iPhoneSimulator
		{660E6F11-0C0A-4C74-B624-1F61C831DE31}.Release|x86.ActiveCfg = Release|iPhoneSimulator
		{E66E780A-3D9C-45E9-B3C1-325498E8324B}.Debug|Any CPU.ActiveCfg = Debug|Any CPU
		{E66E780A-3D9C-45E9-B3C1-325498E8324B}.Debug|Any CPU.Build.0 = Debug|Any CPU
		{E66E780A-3D9C-45E9-B3C1-325498E8324B}.Debug|ARM.ActiveCfg = Debug|Any CPU
		{E66E780A-3D9C-45E9-B3C1-325498E8324B}.Debug|ARM.Build.0 = Debug|Any CPU
		{E66E780A-3D9C-45E9-B3C1-325498E8324B}.Debug|iPhone.ActiveCfg = Debug|Any CPU
		{E66E780A-3D9C-45E9-B3C1-325498E8324B}.Debug|iPhone.Build.0 = Debug|Any CPU
		{E66E780A-3D9C-45E9-B3C1-325498E8324B}.Debug|iPhoneSimulator.ActiveCfg = Debug|Any CPU
		{E66E780A-3D9C-45E9-B3C1-325498E8324B}.Debug|iPhoneSimulator.Build.0 = Debug|Any CPU
		{E66E780A-3D9C-45E9-B3C1-325498E8324B}.Debug|x64.ActiveCfg = Debug|Any CPU
		{E66E780A-3D9C-45E9-B3C1-325498E8324B}.Debug|x64.Build.0 = Debug|Any CPU
		{E66E780A-3D9C-45E9-B3C1-325498E8324B}.Debug|x86.ActiveCfg = Debug|Any CPU
		{E66E780A-3D9C-45E9-B3C1-325498E8324B}.Debug|x86.Build.0 = Debug|Any CPU
		{E66E780A-3D9C-45E9-B3C1-325498E8324B}.Release|Any CPU.ActiveCfg = Release|Any CPU
		{E66E780A-3D9C-45E9-B3C1-325498E8324B}.Release|Any CPU.Build.0 = Release|Any CPU
		{E66E780A-3D9C-45E9-B3C1-325498E8324B}.Release|ARM.ActiveCfg = Release|Any CPU
		{E66E780A-3D9C-45E9-B3C1-325498E8324B}.Release|ARM.Build.0 = Release|Any CPU
		{E66E780A-3D9C-45E9-B3C1-325498E8324B}.Release|iPhone.ActiveCfg = Release|Any CPU
		{E66E780A-3D9C-45E9-B3C1-325498E8324B}.Release|iPhone.Build.0 = Release|Any CPU
		{E66E780A-3D9C-45E9-B3C1-325498E8324B}.Release|iPhoneSimulator.ActiveCfg = Release|Any CPU
		{E66E780A-3D9C-45E9-B3C1-325498E8324B}.Release|iPhoneSimulator.Build.0 = Release|Any CPU
		{E66E780A-3D9C-45E9-B3C1-325498E8324B}.Release|x64.ActiveCfg = Release|Any CPU
		{E66E780A-3D9C-45E9-B3C1-325498E8324B}.Release|x64.Build.0 = Release|Any CPU
		{E66E780A-3D9C-45E9-B3C1-325498E8324B}.Release|x86.ActiveCfg = Release|Any CPU
		{E66E780A-3D9C-45E9-B3C1-325498E8324B}.Release|x86.Build.0 = Release|Any CPU
		{26D8BF98-7A16-430C-96D6-F2366083F5AD}.Debug|Any CPU.ActiveCfg = Debug|x86
		{26D8BF98-7A16-430C-96D6-F2366083F5AD}.Debug|Any CPU.Build.0 = Debug|x86
		{26D8BF98-7A16-430C-96D6-F2366083F5AD}.Debug|Any CPU.Deploy.0 = Debug|x86
		{26D8BF98-7A16-430C-96D6-F2366083F5AD}.Debug|ARM.ActiveCfg = Debug|ARM
		{26D8BF98-7A16-430C-96D6-F2366083F5AD}.Debug|ARM.Build.0 = Debug|ARM
		{26D8BF98-7A16-430C-96D6-F2366083F5AD}.Debug|ARM.Deploy.0 = Debug|ARM
		{26D8BF98-7A16-430C-96D6-F2366083F5AD}.Debug|iPhone.ActiveCfg = Debug|x86
		{26D8BF98-7A16-430C-96D6-F2366083F5AD}.Debug|iPhoneSimulator.ActiveCfg = Debug|x86
		{26D8BF98-7A16-430C-96D6-F2366083F5AD}.Debug|x64.ActiveCfg = Debug|x64
		{26D8BF98-7A16-430C-96D6-F2366083F5AD}.Debug|x64.Build.0 = Debug|x64
		{26D8BF98-7A16-430C-96D6-F2366083F5AD}.Debug|x64.Deploy.0 = Debug|x64
		{26D8BF98-7A16-430C-96D6-F2366083F5AD}.Debug|x86.ActiveCfg = Debug|x86
		{26D8BF98-7A16-430C-96D6-F2366083F5AD}.Debug|x86.Build.0 = Debug|x86
		{26D8BF98-7A16-430C-96D6-F2366083F5AD}.Debug|x86.Deploy.0 = Debug|x86
		{26D8BF98-7A16-430C-96D6-F2366083F5AD}.Release|Any CPU.ActiveCfg = Release|x86
		{26D8BF98-7A16-430C-96D6-F2366083F5AD}.Release|ARM.ActiveCfg = Release|ARM
		{26D8BF98-7A16-430C-96D6-F2366083F5AD}.Release|ARM.Build.0 = Release|ARM
		{26D8BF98-7A16-430C-96D6-F2366083F5AD}.Release|ARM.Deploy.0 = Release|ARM
		{26D8BF98-7A16-430C-96D6-F2366083F5AD}.Release|iPhone.ActiveCfg = Release|x86
		{26D8BF98-7A16-430C-96D6-F2366083F5AD}.Release|iPhoneSimulator.ActiveCfg = Release|x86
		{26D8BF98-7A16-430C-96D6-F2366083F5AD}.Release|x64.ActiveCfg = Release|x64
		{26D8BF98-7A16-430C-96D6-F2366083F5AD}.Release|x64.Build.0 = Release|x64
		{26D8BF98-7A16-430C-96D6-F2366083F5AD}.Release|x64.Deploy.0 = Release|x64
		{26D8BF98-7A16-430C-96D6-F2366083F5AD}.Release|x86.ActiveCfg = Release|x86
		{26D8BF98-7A16-430C-96D6-F2366083F5AD}.Release|x86.Build.0 = Release|x86
		{26D8BF98-7A16-430C-96D6-F2366083F5AD}.Release|x86.Deploy.0 = Release|x86
	EndGlobalSection
	GlobalSection(SolutionProperties) = preSolution
		HideSolutionNode = FALSE
	EndGlobalSection
EndGlobal
